<?xml version="1.0" encoding="utf-8"?>
<Project ToolsVersion="4.0" xmlns="http://schemas.microsoft.com/developer/msbuild/2003">
  <ItemGroup>
    <ClCompile Include="src\KinenoidApp.cpp">
      <Filter>Quelldateien</Filter>
    </ClCompile>
    <ClCompile Include="src\main.cpp">
      <Filter>Quelldateien</Filter>
    </ClCompile>
    <ClCompile Include="src\UserData.cpp">
      <Filter>Quelldateien</Filter>
    </ClCompile>
    <ClCompile Include="src\UserTracking.cpp">
      <Filter>Quelldateien</Filter>
    </ClCompile>
    <ClCompile Include="src\GraupnerConnection.cpp">
      <Filter>Quelldateien</Filter>
    </ClCompile>
    <ClCompile Include="src\KinectWrapper.cpp">
      <Filter>Quelldateien</Filter>
    </ClCompile>
    <ClCompile Include="src\Subject.cpp">
      <Filter>Quelldateien</Filter>
    </ClCompile>
    <ClCompile Include="src\Observer.cpp">
      <Filter>Quelldateien</Filter>
    </ClCompile>
    <ClCompile Include="src\JointDrawer.cpp">
      <Filter>Quelldateien</Filter>
    </ClCompile>
    <ClCompile Include="src\SdlWindowDrawer.cpp">
      <Filter>Quelldateien</Filter>
    </ClCompile>
    <ClCompile Include="src\SdlWindow.cpp">
      <Filter>Quelldateien</Filter>
    </ClCompile>
    <ClCompile Include="src\DebugOverlayDrawer.cpp">
      <Filter>Quelldateien</Filter>
    </ClCompile>
    <ClCompile Include="src\FpsDrawer.cpp">
      <Filter>Quelldateien</Filter>
    </ClCompile>
    <ClCompile Include="src\GraupnerManagement.cpp">
      <Filter>Quelldateien</Filter>
    </ClCompile>
    <ClCompile Include="src\GraupnerMovement.cpp">
      <Filter>Quelldateien</Filter>
    </ClCompile>
    <ClCompile Include="src\GraupnerPoseCalculator.cpp">
      <Filter>Quelldateien</Filter>
    </ClCompile>
    <ClCompile Include="src\EngineManagment.cpp">
      <Filter>Quelldateien</Filter>
    </ClCompile>
    <ClCompile Include="src\Engine.cpp">
      <Filter>Quelldateien</Filter>
    </ClCompile>
  </ItemGroup>
  <ItemGroup>
    <ClInclude Include="src\KinenoidApp.h">
      <Filter>Headerdateien</Filter>
    </ClInclude>
    <ClInclude Include="src\Log.h">
      <Filter>Headerdateien</Filter>
    </ClInclude>
    <ClInclude Include="src\UserData.h">
      <Filter>Headerdateien</Filter>
    </ClInclude>
    <ClInclude Include="src\UserTracking.h">
      <Filter>Headerdateien</Filter>
    </ClInclude>
    <ClInclude Include="src\GraupnerConnection.h">
      <Filter>Headerdateien</Filter>
    </ClInclude>
    <ClInclude Include="src\KinectWrapper.h">
      <Filter>Headerdateien</Filter>
    </ClInclude>
    <ClInclude Include="src\Observer.h">
      <Filter>Headerdateien</Filter>
    </ClInclude>
    <ClInclude Include="src\Subject.h">
      <Filter>Headerdateien</Filter>
    </ClInclude>
    <ClInclude Include="src\SDLWindow.h">
      <Filter>Headerdateien</Filter>
    </ClInclude>
    <ClInclude Include="src\JointDrawer.h">
      <Filter>Headerdateien</Filter>
    </ClInclude>
    <ClInclude Include="src\SdlWindowDrawer.h">
      <Filter>Headerdateien</Filter>
    </ClInclude>
    <ClInclude Include="src\SdlWindow.h">
      <Filter>Headerdateien</Filter>
    </ClInclude>
    <ClInclude Include="src\DebugOverlayDrawer.h">
      <Filter>Headerdateien</Filter>
    </ClInclude>
    <ClInclude Include="src\FpsDrawer.h">
      <Filter>Headerdateien</Filter>
    </ClInclude>
    <ClInclude Include="src\GraupnerManagement.h">
      <Filter>Headerdateien</Filter>
    </ClInclude>
    <ClInclude Include="src\GraupnerMovement.h">
      <Filter>Headerdateien</Filter>
    </ClInclude>
    <ClInclude Include="src\GraupnerPoseCalculator.h">
      <Filter>Headerdateien</Filter>
    </ClInclude>
    <ClInclude Include="src\EngineManagment.h">
      <Filter>Headerdateien</Filter>
    </ClInclude>
    <ClInclude Include="src\Engine.h">
      <Filter>Headerdateien</Filter>
    </ClInclude>
  </ItemGroup>
  <ItemGroup>
    <Filter Include="Quelldateien">
      <UniqueIdentifier>{b9ae44de-0e6a-4ff6-8407-57337b560d02}</UniqueIdentifier>
    </Filter>
    <Filter Include="Headerdateien">
      <UniqueIdentifier>{1ca1720c-af70-4c9e-9043-43359a7ac1de}</UniqueIdentifier>
    </Filter>
  </ItemGroup>
</Project>